// !$*UTF8*$!
{
	archiveVersion = 1;
	classes = {
	};
	objectVersion = 55;
	objects = {

/* Begin PBXBuildFile section */
		0B449104281478880061550B /* UIColorExtension.swift in Sources */ = {isa = PBXBuildFile; fileRef = 0B449103281478880061550B /* UIColorExtension.swift */; };
		0B44910828148A180061550B /* Themes.swift in Sources */ = {isa = PBXBuildFile; fileRef = 0B44910728148A180061550B /* Themes.swift */; };
		0B44910E281499240061550B /* WeatherTypes.swift in Sources */ = {isa = PBXBuildFile; fileRef = 0B44910D281499240061550B /* WeatherTypes.swift */; };
		0B4491102814A7B50061550B /* UISegmentedControlExtension.swift in Sources */ = {isa = PBXBuildFile; fileRef = 0B44910F2814A7B50061550B /* UISegmentedControlExtension.swift */; };
		0B58D120281AEE700086CBCF /* FavouriteLocation+CoreDataClass.swift in Sources */ = {isa = PBXBuildFile; fileRef = 0B58D11E281AEE700086CBCF /* FavouriteLocation+CoreDataClass.swift */; };
		0B58D121281AEE700086CBCF /* FavouriteLocation+CoreDataProperties.swift in Sources */ = {isa = PBXBuildFile; fileRef = 0B58D11F281AEE700086CBCF /* FavouriteLocation+CoreDataProperties.swift */; };
		0B58D124281AF09C0086CBCF /* SavedLocationsRepository.swift in Sources */ = {isa = PBXBuildFile; fileRef = 0B58D123281AF09C0086CBCF /* SavedLocationsRepository.swift */; };
		0B58D126281AF1340086CBCF /* SavedLocationsViewModel.swift in Sources */ = {isa = PBXBuildFile; fileRef = 0B58D125281AF1340086CBCF /* SavedLocationsViewModel.swift */; };
		0B58D128281AF2A70086CBCF /* LocalHomeRepository.swift in Sources */ = {isa = PBXBuildFile; fileRef = 0B58D127281AF2A70086CBCF /* LocalHomeRepository.swift */; };
		0B58D12A281B0B540086CBCF /* PersistanceContextProvider.swift in Sources */ = {isa = PBXBuildFile; fileRef = 0B58D129281B0B540086CBCF /* PersistanceContextProvider.swift */; };
		0B6126542817170F00E5F28B /* CurrentWeatherModel.swift in Sources */ = {isa = PBXBuildFile; fileRef = 0B6126532817170F00E5F28B /* CurrentWeatherModel.swift */; };
		0B612656281718EA00E5F28B /* HomeRepository.swift in Sources */ = {isa = PBXBuildFile; fileRef = 0B612655281718EA00E5F28B /* HomeRepository.swift */; };
		0B6126582817195A00E5F28B /* WeatherRequest.swift in Sources */ = {isa = PBXBuildFile; fileRef = 0B6126572817195A00E5F28B /* WeatherRequest.swift */; };
		0B61265C28171A8500E5F28B /* ApiClient.swift in Sources */ = {isa = PBXBuildFile; fileRef = 0B61265B28171A8500E5F28B /* ApiClient.swift */; };
		0B61265E28171B1200E5F28B /* ApiRequest.swift in Sources */ = {isa = PBXBuildFile; fileRef = 0B61265D28171B1200E5F28B /* ApiRequest.swift */; };
		0B6126602817336C00E5F28B /* ApiPath.swift in Sources */ = {isa = PBXBuildFile; fileRef = 0B61265F2817336C00E5F28B /* ApiPath.swift */; };
		0B6126622817338600E5F28B /* ApiMethods.swift in Sources */ = {isa = PBXBuildFile; fileRef = 0B6126612817338600E5F28B /* ApiMethods.swift */; };
		0B6126642817339300E5F28B /* Constants.swift in Sources */ = {isa = PBXBuildFile; fileRef = 0B6126632817339300E5F28B /* Constants.swift */; };
		0B6126662817339B00E5F28B /* ApiErrors.swift in Sources */ = {isa = PBXBuildFile; fileRef = 0B6126652817339B00E5F28B /* ApiErrors.swift */; };
		0B85DDE2281AAF01008F41A2 /* Main.storyboard in Resources */ = {isa = PBXBuildFile; fileRef = 0B85DDE1281AAF00008F41A2 /* Main.storyboard */; };
		0BC74805281A9343004163AC /* SavedLocationsViewController.swift in Sources */ = {isa = PBXBuildFile; fileRef = 0BC74804281A9343004163AC /* SavedLocationsViewController.swift */; };
		0BE6C5412811F34F00A11FB9 /* AppDelegate.swift in Sources */ = {isa = PBXBuildFile; fileRef = 0BE6C5402811F34F00A11FB9 /* AppDelegate.swift */; };
		0BE6C5432811F34F00A11FB9 /* SceneDelegate.swift in Sources */ = {isa = PBXBuildFile; fileRef = 0BE6C5422811F34F00A11FB9 /* SceneDelegate.swift */; };
		0BE6C5452811F34F00A11FB9 /* HomeViewController.swift in Sources */ = {isa = PBXBuildFile; fileRef = 0BE6C5442811F34F00A11FB9 /* HomeViewController.swift */; };
		0BE6C54B2811F34F00A11FB9 /* Geo_Weather.xcdatamodeld in Sources */ = {isa = PBXBuildFile; fileRef = 0BE6C5492811F34F00A11FB9 /* Geo_Weather.xcdatamodeld */; };
		0BE6C54D2811F35400A11FB9 /* Assets.xcassets in Resources */ = {isa = PBXBuildFile; fileRef = 0BE6C54C2811F35400A11FB9 /* Assets.xcassets */; };
		0BE6C5502811F35400A11FB9 /* LaunchScreen.storyboard in Resources */ = {isa = PBXBuildFile; fileRef = 0BE6C54E2811F35400A11FB9 /* LaunchScreen.storyboard */; };
		0BE6C55B2811F35500A11FB9 /* Geo_WeatherTests.swift in Sources */ = {isa = PBXBuildFile; fileRef = 0BE6C55A2811F35500A11FB9 /* Geo_WeatherTests.swift */; };
		0BE82CD52811FCD700B3D434 /* HomeViewModel.swift in Sources */ = {isa = PBXBuildFile; fileRef = 0BE82CD42811FCD700B3D434 /* HomeViewModel.swift */; };
		0BE82CDA2811FE8800B3D434 /* ViewModelDelegateType.swift in Sources */ = {isa = PBXBuildFile; fileRef = 0BE82CD92811FE8800B3D434 /* ViewModelDelegateType.swift */; };
		0BF6DBE5281971A700B81B0E /* ThemeProvider.swift in Sources */ = {isa = PBXBuildFile; fileRef = 0BF6DBE4281971A700B81B0E /* ThemeProvider.swift */; };
		0BF6DBE7281988BF00B81B0E /* ForecastCell.swift in Sources */ = {isa = PBXBuildFile; fileRef = 0BF6DBE6281988BF00B81B0E /* ForecastCell.swift */; };
		0BF6DBE92819ED8900B81B0E /* ForecastWeatherModel.swift in Sources */ = {isa = PBXBuildFile; fileRef = 0BF6DBE82819ED8900B81B0E /* ForecastWeatherModel.swift */; };
		0BF6DBEB281A0B8100B81B0E /* NSDateExtension.swift in Sources */ = {isa = PBXBuildFile; fileRef = 0BF6DBEA281A0B8100B81B0E /* NSDateExtension.swift */; };
		0BF89805281AB60A004776C3 /* Home.storyboard in Resources */ = {isa = PBXBuildFile; fileRef = 0BF89804281AB60A004776C3 /* Home.storyboard */; };
		0BF89807281AB654004776C3 /* SavedLocations.storyboard in Resources */ = {isa = PBXBuildFile; fileRef = 0BF89806281AB654004776C3 /* SavedLocations.storyboard */; };
		0BF89809281AC76E004776C3 /* SavedLocationTableViewCell.swift in Sources */ = {isa = PBXBuildFile; fileRef = 0BF89808281AC76E004776C3 /* SavedLocationTableViewCell.swift */; };
/* End PBXBuildFile section */

/* Begin PBXContainerItemProxy section */
		0BE6C5572811F35500A11FB9 /* PBXContainerItemProxy */ = {
			isa = PBXContainerItemProxy;
			containerPortal = 0BE6C5352811F34F00A11FB9 /* Project object */;
			proxyType = 1;
			remoteGlobalIDString = 0BE6C53C2811F34F00A11FB9;
			remoteInfo = "Geo-Weather";
		};
/* End PBXContainerItemProxy section */

/* Begin PBXFileReference section */
		0B449103281478880061550B /* UIColorExtension.swift */ = {isa = PBXFileReference; lastKnownFileType = sourcecode.swift; path = UIColorExtension.swift; sourceTree = "<group>"; };
		0B44910728148A180061550B /* Themes.swift */ = {isa = PBXFileReference; lastKnownFileType = sourcecode.swift; path = Themes.swift; sourceTree = "<group>"; };
		0B44910D281499240061550B /* WeatherTypes.swift */ = {isa = PBXFileReference; lastKnownFileType = sourcecode.swift; path = WeatherTypes.swift; sourceTree = "<group>"; };
		0B44910F2814A7B50061550B /* UISegmentedControlExtension.swift */ = {isa = PBXFileReference; lastKnownFileType = sourcecode.swift; path = UISegmentedControlExtension.swift; sourceTree = "<group>"; };
		0B58D11E281AEE700086CBCF /* FavouriteLocation+CoreDataClass.swift */ = {isa = PBXFileReference; lastKnownFileType = sourcecode.swift; name = "FavouriteLocation+CoreDataClass.swift"; path = "Geo-Weather/Data Persistance/FavouriteLocation+CoreDataClass.swift"; sourceTree = "<group>"; };
		0B58D11F281AEE700086CBCF /* FavouriteLocation+CoreDataProperties.swift */ = {isa = PBXFileReference; lastKnownFileType = sourcecode.swift; name = "FavouriteLocation+CoreDataProperties.swift"; path = "Geo-Weather/Data Persistance/FavouriteLocation+CoreDataProperties.swift"; sourceTree = "<group>"; };
		0B58D123281AF09C0086CBCF /* SavedLocationsRepository.swift */ = {isa = PBXFileReference; lastKnownFileType = sourcecode.swift; path = SavedLocationsRepository.swift; sourceTree = "<group>"; };
		0B58D125281AF1340086CBCF /* SavedLocationsViewModel.swift */ = {isa = PBXFileReference; lastKnownFileType = sourcecode.swift; path = SavedLocationsViewModel.swift; sourceTree = "<group>"; };
		0B58D127281AF2A70086CBCF /* LocalHomeRepository.swift */ = {isa = PBXFileReference; lastKnownFileType = sourcecode.swift; path = LocalHomeRepository.swift; sourceTree = "<group>"; };
		0B58D129281B0B540086CBCF /* PersistanceContextProvider.swift */ = {isa = PBXFileReference; lastKnownFileType = sourcecode.swift; path = PersistanceContextProvider.swift; sourceTree = "<group>"; };
		0B6126532817170F00E5F28B /* CurrentWeatherModel.swift */ = {isa = PBXFileReference; lastKnownFileType = sourcecode.swift; path = CurrentWeatherModel.swift; sourceTree = "<group>"; };
		0B612655281718EA00E5F28B /* HomeRepository.swift */ = {isa = PBXFileReference; lastKnownFileType = sourcecode.swift; path = HomeRepository.swift; sourceTree = "<group>"; };
		0B6126572817195A00E5F28B /* WeatherRequest.swift */ = {isa = PBXFileReference; lastKnownFileType = sourcecode.swift; path = WeatherRequest.swift; sourceTree = "<group>"; };
		0B61265B28171A8500E5F28B /* ApiClient.swift */ = {isa = PBXFileReference; lastKnownFileType = sourcecode.swift; path = ApiClient.swift; sourceTree = "<group>"; };
		0B61265D28171B1200E5F28B /* ApiRequest.swift */ = {isa = PBXFileReference; lastKnownFileType = sourcecode.swift; path = ApiRequest.swift; sourceTree = "<group>"; };
		0B61265F2817336C00E5F28B /* ApiPath.swift */ = {isa = PBXFileReference; fileEncoding = 4; lastKnownFileType = sourcecode.swift; path = ApiPath.swift; sourceTree = "<group>"; };
		0B6126612817338600E5F28B /* ApiMethods.swift */ = {isa = PBXFileReference; fileEncoding = 4; lastKnownFileType = sourcecode.swift; path = ApiMethods.swift; sourceTree = "<group>"; };
		0B6126632817339300E5F28B /* Constants.swift */ = {isa = PBXFileReference; fileEncoding = 4; lastKnownFileType = sourcecode.swift; path = Constants.swift; sourceTree = "<group>"; };
		0B6126652817339B00E5F28B /* ApiErrors.swift */ = {isa = PBXFileReference; fileEncoding = 4; lastKnownFileType = sourcecode.swift; path = ApiErrors.swift; sourceTree = "<group>"; };
		0B85DDE1281AAF00008F41A2 /* Main.storyboard */ = {isa = PBXFileReference; fileEncoding = 4; lastKnownFileType = file.storyboard; path = Main.storyboard; sourceTree = "<group>"; };
		0BC74804281A9343004163AC /* SavedLocationsViewController.swift */ = {isa = PBXFileReference; lastKnownFileType = sourcecode.swift; path = SavedLocationsViewController.swift; sourceTree = "<group>"; };
		0BE6C53D2811F34F00A11FB9 /* Geo-Weather.app */ = {isa = PBXFileReference; explicitFileType = wrapper.application; includeInIndex = 0; path = "Geo-Weather.app"; sourceTree = BUILT_PRODUCTS_DIR; };
		0BE6C5402811F34F00A11FB9 /* AppDelegate.swift */ = {isa = PBXFileReference; lastKnownFileType = sourcecode.swift; path = AppDelegate.swift; sourceTree = "<group>"; };
		0BE6C5422811F34F00A11FB9 /* SceneDelegate.swift */ = {isa = PBXFileReference; lastKnownFileType = sourcecode.swift; path = SceneDelegate.swift; sourceTree = "<group>"; };
		0BE6C5442811F34F00A11FB9 /* HomeViewController.swift */ = {isa = PBXFileReference; lastKnownFileType = sourcecode.swift; path = HomeViewController.swift; sourceTree = "<group>"; };
		0BE6C54A2811F34F00A11FB9 /* Geo_Weather.xcdatamodel */ = {isa = PBXFileReference; lastKnownFileType = wrapper.xcdatamodel; path = Geo_Weather.xcdatamodel; sourceTree = "<group>"; };
		0BE6C54C2811F35400A11FB9 /* Assets.xcassets */ = {isa = PBXFileReference; lastKnownFileType = folder.assetcatalog; name = Assets.xcassets; path = "Geo-Weather/Resources/Assets.xcassets"; sourceTree = SOURCE_ROOT; };
		0BE6C54F2811F35400A11FB9 /* Base */ = {isa = PBXFileReference; lastKnownFileType = file.storyboard; name = Base; path = Base.lproj/LaunchScreen.storyboard; sourceTree = "<group>"; };
		0BE6C5512811F35400A11FB9 /* Info.plist */ = {isa = PBXFileReference; lastKnownFileType = text.plist.xml; path = Info.plist; sourceTree = "<group>"; };
		0BE6C5562811F35500A11FB9 /* Geo-WeatherTests.xctest */ = {isa = PBXFileReference; explicitFileType = wrapper.cfbundle; includeInIndex = 0; path = "Geo-WeatherTests.xctest"; sourceTree = BUILT_PRODUCTS_DIR; };
		0BE6C55A2811F35500A11FB9 /* Geo_WeatherTests.swift */ = {isa = PBXFileReference; lastKnownFileType = sourcecode.swift; path = Geo_WeatherTests.swift; sourceTree = "<group>"; };
		0BE82CD42811FCD700B3D434 /* HomeViewModel.swift */ = {isa = PBXFileReference; lastKnownFileType = sourcecode.swift; path = HomeViewModel.swift; sourceTree = "<group>"; };
		0BE82CD92811FE8800B3D434 /* ViewModelDelegateType.swift */ = {isa = PBXFileReference; lastKnownFileType = sourcecode.swift; path = ViewModelDelegateType.swift; sourceTree = "<group>"; };
		0BF6DBE4281971A700B81B0E /* ThemeProvider.swift */ = {isa = PBXFileReference; fileEncoding = 4; lastKnownFileType = sourcecode.swift; path = ThemeProvider.swift; sourceTree = "<group>"; };
		0BF6DBE6281988BF00B81B0E /* ForecastCell.swift */ = {isa = PBXFileReference; lastKnownFileType = sourcecode.swift; name = ForecastCell.swift; path = "Geo-Weather/Home/UIElements/ForecastCell.swift"; sourceTree = SOURCE_ROOT; };
		0BF6DBE82819ED8900B81B0E /* ForecastWeatherModel.swift */ = {isa = PBXFileReference; lastKnownFileType = sourcecode.swift; path = ForecastWeatherModel.swift; sourceTree = "<group>"; };
		0BF6DBEA281A0B8100B81B0E /* NSDateExtension.swift */ = {isa = PBXFileReference; lastKnownFileType = sourcecode.swift; path = NSDateExtension.swift; sourceTree = "<group>"; };
		0BF89804281AB60A004776C3 /* Home.storyboard */ = {isa = PBXFileReference; fileEncoding = 4; lastKnownFileType = file.storyboard; name = Home.storyboard; path = "Geo-Weather/Home/Home.storyboard"; sourceTree = SOURCE_ROOT; };
		0BF89806281AB654004776C3 /* SavedLocations.storyboard */ = {isa = PBXFileReference; fileEncoding = 4; lastKnownFileType = file.storyboard; name = SavedLocations.storyboard; path = "Geo-Weather/Saved Locations/SavedLocations.storyboard"; sourceTree = SOURCE_ROOT; };
		0BF89808281AC76E004776C3 /* SavedLocationTableViewCell.swift */ = {isa = PBXFileReference; lastKnownFileType = sourcecode.swift; path = SavedLocationTableViewCell.swift; sourceTree = "<group>"; };
/* End PBXFileReference section */

/* Begin PBXFrameworksBuildPhase section */
		0BE6C53A2811F34F00A11FB9 /* Frameworks */ = {
			isa = PBXFrameworksBuildPhase;
			buildActionMask = 2147483647;
			files = (
			);
			runOnlyForDeploymentPostprocessing = 0;
		};
		0BE6C5532811F35500A11FB9 /* Frameworks */ = {
			isa = PBXFrameworksBuildPhase;
			buildActionMask = 2147483647;
			files = (
			);
			runOnlyForDeploymentPostprocessing = 0;
		};
/* End PBXFrameworksBuildPhase section */

/* Begin PBXGroup section */
		0B4182F6281A14AA00CD9516 /* UIElements */ = {
			isa = PBXGroup;
			children = (
				0BF6DBE6281988BF00B81B0E /* ForecastCell.swift */,
			);
			path = UIElements;
			sourceTree = "<group>";
		};
		0B4491022814785A0061550B /* Extensions */ = {
			isa = PBXGroup;
			children = (
				0B449103281478880061550B /* UIColorExtension.swift */,
				0B44910F2814A7B50061550B /* UISegmentedControlExtension.swift */,
				0BF6DBEA281A0B8100B81B0E /* NSDateExtension.swift */,
			);
			path = Extensions;
			sourceTree = "<group>";
		};
		0B58D122281AF0840086CBCF /* Repository */ = {
			isa = PBXGroup;
			children = (
				0B58D123281AF09C0086CBCF /* SavedLocationsRepository.swift */,
			);
			path = Repository;
			sourceTree = "<group>";
		};
		0B612652281716F400E5F28B /* Repository */ = {
			isa = PBXGroup;
			children = (
				0B6126532817170F00E5F28B /* CurrentWeatherModel.swift */,
				0B6126572817195A00E5F28B /* WeatherRequest.swift */,
				0B58D127281AF2A70086CBCF /* LocalHomeRepository.swift */,
				0B612655281718EA00E5F28B /* HomeRepository.swift */,
				0BF6DBE82819ED8900B81B0E /* ForecastWeatherModel.swift */,
			);
			path = Repository;
			sourceTree = "<group>";
		};
		0BC747FD281A927D004163AC /* Saved Locations */ = {
			isa = PBXGroup;
			children = (
				0BC74804281A9343004163AC /* SavedLocationsViewController.swift */,
				0BF89808281AC76E004776C3 /* SavedLocationTableViewCell.swift */,
				0B58D125281AF1340086CBCF /* SavedLocationsViewModel.swift */,
				0B58D122281AF0840086CBCF /* Repository */,
				0BF89806281AB654004776C3 /* SavedLocations.storyboard */,
			);
			path = "Saved Locations";
			sourceTree = "<group>";
		};
		0BE6C5342811F34F00A11FB9 = {
			isa = PBXGroup;
			children = (
				0B58D11E281AEE700086CBCF /* FavouriteLocation+CoreDataClass.swift */,
				0B58D11F281AEE700086CBCF /* FavouriteLocation+CoreDataProperties.swift */,
				0BE6C53F2811F34F00A11FB9 /* Geo-Weather */,
				0BE6C5592811F35500A11FB9 /* Geo-WeatherTests */,
				0BE6C53E2811F34F00A11FB9 /* Products */,
			);
			sourceTree = "<group>";
		};
		0BE6C53E2811F34F00A11FB9 /* Products */ = {
			isa = PBXGroup;
			children = (
				0BE6C53D2811F34F00A11FB9 /* Geo-Weather.app */,
				0BE6C5562811F35500A11FB9 /* Geo-WeatherTests.xctest */,
			);
			name = Products;
			sourceTree = "<group>";
		};
		0BE6C53F2811F34F00A11FB9 /* Geo-Weather */ = {
			isa = PBXGroup;
			children = (
				0B85DDE1281AAF00008F41A2 /* Main.storyboard */,
				0B4491022814785A0061550B /* Extensions */,
				0BE82CD62811FCF500B3D434 /* Utilities */,
				0BE82CCB2811FAC100B3D434 /* Config */,
				0BC747FD281A927D004163AC /* Saved Locations */,
				0BE82CD02811FB4500B3D434 /* Resources */,
				0BE82CCC2811FAE600B3D434 /* Home */,
				0BE82CC42811F6CF00B3D434 /* Service Layer */,
				0BE82CCE2811FB1B00B3D434 /* Data Persistance */,
				0BE82CCD2811FB0000B3D434 /* LaunchScreen */,
			);
			path = "Geo-Weather";
			sourceTree = "<group>";
		};
		0BE6C5592811F35500A11FB9 /* Geo-WeatherTests */ = {
			isa = PBXGroup;
			children = (
				0BE6C55A2811F35500A11FB9 /* Geo_WeatherTests.swift */,
			);
			path = "Geo-WeatherTests";
			sourceTree = "<group>";
		};
		0BE82CC42811F6CF00B3D434 /* Service Layer */ = {
			isa = PBXGroup;
			children = (
				0B6126612817338600E5F28B /* ApiMethods.swift */,
				0B6126652817339B00E5F28B /* ApiErrors.swift */,
				0B6126632817339300E5F28B /* Constants.swift */,
				0B61265B28171A8500E5F28B /* ApiClient.swift */,
				0B61265F2817336C00E5F28B /* ApiPath.swift */,
				0B61265D28171B1200E5F28B /* ApiRequest.swift */,
			);
			path = "Service Layer";
			sourceTree = "<group>";
		};
		0BE82CCB2811FAC100B3D434 /* Config */ = {
			isa = PBXGroup;
			children = (
				0BE6C5512811F35400A11FB9 /* Info.plist */,
				0BE6C5422811F34F00A11FB9 /* SceneDelegate.swift */,
				0BE6C5402811F34F00A11FB9 /* AppDelegate.swift */,
			);
			path = Config;
			sourceTree = "<group>";
		};
		0BE82CCC2811FAE600B3D434 /* Home */ = {
			isa = PBXGroup;
			children = (
				0BF89804281AB60A004776C3 /* Home.storyboard */,
				0BE6C5442811F34F00A11FB9 /* HomeViewController.swift */,
				0BE82CD42811FCD700B3D434 /* HomeViewModel.swift */,
				0B4182F6281A14AA00CD9516 /* UIElements */,
				0B612652281716F400E5F28B /* Repository */,
			);
			path = Home;
			sourceTree = "<group>";
		};
		0BE82CCD2811FB0000B3D434 /* LaunchScreen */ = {
			isa = PBXGroup;
			children = (
				0BE6C54E2811F35400A11FB9 /* LaunchScreen.storyboard */,
			);
			path = LaunchScreen;
			sourceTree = "<group>";
		};
		0BE82CCE2811FB1B00B3D434 /* Data Persistance */ = {
			isa = PBXGroup;
			children = (
				0BE6C5492811F34F00A11FB9 /* Geo_Weather.xcdatamodeld */,
			);
			path = "Data Persistance";
			sourceTree = "<group>";
		};
		0BE82CD02811FB4500B3D434 /* Resources */ = {
			isa = PBXGroup;
			children = (
				0BE6C54C2811F35400A11FB9 /* Assets.xcassets */,
			);
			path = Resources;
			sourceTree = "<group>";
		};
		0BE82CD62811FCF500B3D434 /* Utilities */ = {
			isa = PBXGroup;
			children = (
				0BE82CD92811FE8800B3D434 /* ViewModelDelegateType.swift */,
				0BF6DBE4281971A700B81B0E /* ThemeProvider.swift */,
				0B58D129281B0B540086CBCF /* PersistanceContextProvider.swift */,
				0B44910728148A180061550B /* Themes.swift */,
				0B44910D281499240061550B /* WeatherTypes.swift */,
			);
			path = Utilities;
			sourceTree = "<group>";
		};
/* End PBXGroup section */

/* Begin PBXNativeTarget section */
		0BE6C53C2811F34F00A11FB9 /* Geo-Weather */ = {
			isa = PBXNativeTarget;
			buildConfigurationList = 0BE6C56A2811F35500A11FB9 /* Build configuration list for PBXNativeTarget "Geo-Weather" */;
			buildPhases = (
				0BE6C5732811F41300A11FB9 /* ShellScript */,
				0BE6C5392811F34F00A11FB9 /* Sources */,
				0BE6C53A2811F34F00A11FB9 /* Frameworks */,
				0BE6C53B2811F34F00A11FB9 /* Resources */,
			);
			buildRules = (
			);
			dependencies = (
			);
			name = "Geo-Weather";
			productName = "Geo-Weather";
			productReference = 0BE6C53D2811F34F00A11FB9 /* Geo-Weather.app */;
			productType = "com.apple.product-type.application";
		};
		0BE6C5552811F35500A11FB9 /* Geo-WeatherTests */ = {
			isa = PBXNativeTarget;
			buildConfigurationList = 0BE6C56D2811F35500A11FB9 /* Build configuration list for PBXNativeTarget "Geo-WeatherTests" */;
			buildPhases = (
				0BE6C5522811F35500A11FB9 /* Sources */,
				0BE6C5532811F35500A11FB9 /* Frameworks */,
				0BE6C5542811F35500A11FB9 /* Resources */,
			);
			buildRules = (
			);
			dependencies = (
				0BE6C5582811F35500A11FB9 /* PBXTargetDependency */,
			);
			name = "Geo-WeatherTests";
			productName = "Geo-WeatherTests";
			productReference = 0BE6C5562811F35500A11FB9 /* Geo-WeatherTests.xctest */;
			productType = "com.apple.product-type.bundle.unit-test";
		};
/* End PBXNativeTarget section */

/* Begin PBXProject section */
		0BE6C5352811F34F00A11FB9 /* Project object */ = {
			isa = PBXProject;
			attributes = {
				BuildIndependentTargetsInParallel = 1;
				LastSwiftUpdateCheck = 1330;
				LastUpgradeCheck = 1330;
				TargetAttributes = {
					0BE6C53C2811F34F00A11FB9 = {
						CreatedOnToolsVersion = 13.3.1;
					};
					0BE6C5552811F35500A11FB9 = {
						CreatedOnToolsVersion = 13.3.1;
						TestTargetID = 0BE6C53C2811F34F00A11FB9;
					};
				};
			};
			buildConfigurationList = 0BE6C5382811F34F00A11FB9 /* Build configuration list for PBXProject "Geo-Weather" */;
			compatibilityVersion = "Xcode 13.0";
			developmentRegion = en;
			hasScannedForEncodings = 0;
			knownRegions = (
				en,
				Base,
			);
			mainGroup = 0BE6C5342811F34F00A11FB9;
			productRefGroup = 0BE6C53E2811F34F00A11FB9 /* Products */;
			projectDirPath = "";
			projectRoot = "";
			targets = (
				0BE6C53C2811F34F00A11FB9 /* Geo-Weather */,
				0BE6C5552811F35500A11FB9 /* Geo-WeatherTests */,
			);
		};
/* End PBXProject section */

/* Begin PBXResourcesBuildPhase section */
		0BE6C53B2811F34F00A11FB9 /* Resources */ = {
			isa = PBXResourcesBuildPhase;
			buildActionMask = 2147483647;
			files = (
				0BE6C5502811F35400A11FB9 /* LaunchScreen.storyboard in Resources */,
				0BF89805281AB60A004776C3 /* Home.storyboard in Resources */,
				0B85DDE2281AAF01008F41A2 /* Main.storyboard in Resources */,
				0BE6C54D2811F35400A11FB9 /* Assets.xcassets in Resources */,
				0BF89807281AB654004776C3 /* SavedLocations.storyboard in Resources */,
			);
			runOnlyForDeploymentPostprocessing = 0;
		};
		0BE6C5542811F35500A11FB9 /* Resources */ = {
			isa = PBXResourcesBuildPhase;
			buildActionMask = 2147483647;
			files = (
			);
			runOnlyForDeploymentPostprocessing = 0;
		};
/* End PBXResourcesBuildPhase section */

/* Begin PBXShellScriptBuildPhase section */
		0BE6C5732811F41300A11FB9 /* ShellScript */ = {
			isa = PBXShellScriptBuildPhase;
			buildActionMask = 2147483647;
			files = (
			);
			inputFileListPaths = (
			);
			inputPaths = (
			);
			outputFileListPaths = (
			);
			outputPaths = (
			);
			runOnlyForDeploymentPostprocessing = 0;
			shellPath = /bin/sh;
			shellScript = "# Type a script or drag a script file from your workspace to insert its path.\n\nexport PATH=\"$PATH:/opt/homebrew/bin\"\n\nif which swiftlint >/dev/null; then\n  swiftlint\nelse\n  echo \"warning: SwiftLint not installed, download from https://github.com/realm/SwiftLint\"\nfi\n";
		};
/* End PBXShellScriptBuildPhase section */

/* Begin PBXSourcesBuildPhase section */
		0BE6C5392811F34F00A11FB9 /* Sources */ = {
			isa = PBXSourcesBuildPhase;
			buildActionMask = 2147483647;
			files = (
				0BE6C5452811F34F00A11FB9 /* HomeViewController.swift in Sources */,
				0B6126622817338600E5F28B /* ApiMethods.swift in Sources */,
				0BE82CD52811FCD700B3D434 /* HomeViewModel.swift in Sources */,
				0BE6C5412811F34F00A11FB9 /* AppDelegate.swift in Sources */,
				0BF6DBEB281A0B8100B81B0E /* NSDateExtension.swift in Sources */,
				0BF6DBE7281988BF00B81B0E /* ForecastCell.swift in Sources */,
				0BF6DBE5281971A700B81B0E /* ThemeProvider.swift in Sources */,
				0BC74805281A9343004163AC /* SavedLocationsViewController.swift in Sources */,
				0B61265C28171A8500E5F28B /* ApiClient.swift in Sources */,
				0BE6C54B2811F34F00A11FB9 /* Geo_Weather.xcdatamodeld in Sources */,
				0B44910E281499240061550B /* WeatherTypes.swift in Sources */,
				0B6126582817195A00E5F28B /* WeatherRequest.swift in Sources */,
				0B6126662817339B00E5F28B /* ApiErrors.swift in Sources */,
				0BE82CDA2811FE8800B3D434 /* ViewModelDelegateType.swift in Sources */,
				0B58D120281AEE700086CBCF /* FavouriteLocation+CoreDataClass.swift in Sources */,
				0BF89809281AC76E004776C3 /* SavedLocationTableViewCell.swift in Sources */,
				0B44910828148A180061550B /* Themes.swift in Sources */,
				0B6126642817339300E5F28B /* Constants.swift in Sources */,
				0B612656281718EA00E5F28B /* HomeRepository.swift in Sources */,
				0BE6C5432811F34F00A11FB9 /* SceneDelegate.swift in Sources */,
				0B6126542817170F00E5F28B /* CurrentWeatherModel.swift in Sources */,
				0B58D121281AEE700086CBCF /* FavouriteLocation+CoreDataProperties.swift in Sources */,
				0BF6DBE92819ED8900B81B0E /* ForecastWeatherModel.swift in Sources */,
				0B58D128281AF2A70086CBCF /* LocalHomeRepository.swift in Sources */,
				0B58D124281AF09C0086CBCF /* SavedLocationsRepository.swift in Sources */,
				0B58D126281AF1340086CBCF /* SavedLocationsViewModel.swift in Sources */,
				0B61265E28171B1200E5F28B /* ApiRequest.swift in Sources */,
				0B449104281478880061550B /* UIColorExtension.swift in Sources */,
				0B4491102814A7B50061550B /* UISegmentedControlExtension.swift in Sources */,
				0B58D12A281B0B540086CBCF /* PersistanceContextProvider.swift in Sources */,
				0B6126602817336C00E5F28B /* ApiPath.swift in Sources */,
			);
			runOnlyForDeploymentPostprocessing = 0;
		};
		0BE6C5522811F35500A11FB9 /* Sources */ = {
			isa = PBXSourcesBuildPhase;
			buildActionMask = 2147483647;
			files = (
				0BE6C55B2811F35500A11FB9 /* Geo_WeatherTests.swift in Sources */,
			);
			runOnlyForDeploymentPostprocessing = 0;
		};
/* End PBXSourcesBuildPhase section */

/* Begin PBXTargetDependency section */
		0BE6C5582811F35500A11FB9 /* PBXTargetDependency */ = {
			isa = PBXTargetDependency;
			target = 0BE6C53C2811F34F00A11FB9 /* Geo-Weather */;
			targetProxy = 0BE6C5572811F35500A11FB9 /* PBXContainerItemProxy */;
		};
/* End PBXTargetDependency section */

/* Begin PBXVariantGroup section */
		0BE6C54E2811F35400A11FB9 /* LaunchScreen.storyboard */ = {
			isa = PBXVariantGroup;
			children = (
				0BE6C54F2811F35400A11FB9 /* Base */,
			);
			name = LaunchScreen.storyboard;
			sourceTree = "<group>";
		};
/* End PBXVariantGroup section */

/* Begin XCBuildConfiguration section */
		0BE6C5682811F35500A11FB9 /* Debug */ = {
			isa = XCBuildConfiguration;
			buildSettings = {
				ALWAYS_SEARCH_USER_PATHS = NO;
				CLANG_ANALYZER_NONNULL = YES;
				CLANG_ANALYZER_NUMBER_OBJECT_CONVERSION = YES_AGGRESSIVE;
				CLANG_CXX_LANGUAGE_STANDARD = "gnu++17";
				CLANG_ENABLE_MODULES = YES;
				CLANG_ENABLE_OBJC_ARC = YES;
				CLANG_ENABLE_OBJC_WEAK = YES;
				CLANG_WARN_BLOCK_CAPTURE_AUTORELEASING = YES;
				CLANG_WARN_BOOL_CONVERSION = YES;
				CLANG_WARN_COMMA = YES;
				CLANG_WARN_CONSTANT_CONVERSION = YES;
				CLANG_WARN_DEPRECATED_OBJC_IMPLEMENTATIONS = YES;
				CLANG_WARN_DIRECT_OBJC_ISA_USAGE = YES_ERROR;
				CLANG_WARN_DOCUMENTATION_COMMENTS = YES;
				CLANG_WARN_EMPTY_BODY = YES;
				CLANG_WARN_ENUM_CONVERSION = YES;
				CLANG_WARN_INFINITE_RECURSION = YES;
				CLANG_WARN_INT_CONVERSION = YES;
				CLANG_WARN_NON_LITERAL_NULL_CONVERSION = YES;
				CLANG_WARN_OBJC_IMPLICIT_RETAIN_SELF = YES;
				CLANG_WARN_OBJC_LITERAL_CONVERSION = YES;
				CLANG_WARN_OBJC_ROOT_CLASS = YES_ERROR;
				CLANG_WARN_QUOTED_INCLUDE_IN_FRAMEWORK_HEADER = YES;
				CLANG_WARN_RANGE_LOOP_ANALYSIS = YES;
				CLANG_WARN_STRICT_PROTOTYPES = YES;
				CLANG_WARN_SUSPICIOUS_MOVE = YES;
				CLANG_WARN_UNGUARDED_AVAILABILITY = YES_AGGRESSIVE;
				CLANG_WARN_UNREACHABLE_CODE = YES;
				CLANG_WARN__DUPLICATE_METHOD_MATCH = YES;
				COPY_PHASE_STRIP = NO;
				DEBUG_INFORMATION_FORMAT = dwarf;
				ENABLE_STRICT_OBJC_MSGSEND = YES;
				ENABLE_TESTABILITY = YES;
				GCC_C_LANGUAGE_STANDARD = gnu11;
				GCC_DYNAMIC_NO_PIC = NO;
				GCC_NO_COMMON_BLOCKS = YES;
				GCC_OPTIMIZATION_LEVEL = 0;
				GCC_PREPROCESSOR_DEFINITIONS = (
					"DEBUG=1",
					"$(inherited)",
				);
				GCC_WARN_64_TO_32_BIT_CONVERSION = YES;
				GCC_WARN_ABOUT_RETURN_TYPE = YES_ERROR;
				GCC_WARN_UNDECLARED_SELECTOR = YES;
				GCC_WARN_UNINITIALIZED_AUTOS = YES_AGGRESSIVE;
				GCC_WARN_UNUSED_FUNCTION = YES;
				GCC_WARN_UNUSED_VARIABLE = YES;
				IPHONEOS_DEPLOYMENT_TARGET = 15.4;
				MTL_ENABLE_DEBUG_INFO = INCLUDE_SOURCE;
				MTL_FAST_MATH = YES;
				ONLY_ACTIVE_ARCH = YES;
				SDKROOT = iphoneos;
				SWIFT_ACTIVE_COMPILATION_CONDITIONS = DEBUG;
				SWIFT_OPTIMIZATION_LEVEL = "-Onone";
			};
			name = Debug;
		};
		0BE6C5692811F35500A11FB9 /* Release */ = {
			isa = XCBuildConfiguration;
			buildSettings = {
				ALWAYS_SEARCH_USER_PATHS = NO;
				CLANG_ANALYZER_NONNULL = YES;
				CLANG_ANALYZER_NUMBER_OBJECT_CONVERSION = YES_AGGRESSIVE;
				CLANG_CXX_LANGUAGE_STANDARD = "gnu++17";
				CLANG_ENABLE_MODULES = YES;
				CLANG_ENABLE_OBJC_ARC = YES;
				CLANG_ENABLE_OBJC_WEAK = YES;
				CLANG_WARN_BLOCK_CAPTURE_AUTORELEASING = YES;
				CLANG_WARN_BOOL_CONVERSION = YES;
				CLANG_WARN_COMMA = YES;
				CLANG_WARN_CONSTANT_CONVERSION = YES;
				CLANG_WARN_DEPRECATED_OBJC_IMPLEMENTATIONS = YES;
				CLANG_WARN_DIRECT_OBJC_ISA_USAGE = YES_ERROR;
				CLANG_WARN_DOCUMENTATION_COMMENTS = YES;
				CLANG_WARN_EMPTY_BODY = YES;
				CLANG_WARN_ENUM_CONVERSION = YES;
				CLANG_WARN_INFINITE_RECURSION = YES;
				CLANG_WARN_INT_CONVERSION = YES;
				CLANG_WARN_NON_LITERAL_NULL_CONVERSION = YES;
				CLANG_WARN_OBJC_IMPLICIT_RETAIN_SELF = YES;
				CLANG_WARN_OBJC_LITERAL_CONVERSION = YES;
				CLANG_WARN_OBJC_ROOT_CLASS = YES_ERROR;
				CLANG_WARN_QUOTED_INCLUDE_IN_FRAMEWORK_HEADER = YES;
				CLANG_WARN_RANGE_LOOP_ANALYSIS = YES;
				CLANG_WARN_STRICT_PROTOTYPES = YES;
				CLANG_WARN_SUSPICIOUS_MOVE = YES;
				CLANG_WARN_UNGUARDED_AVAILABILITY = YES_AGGRESSIVE;
				CLANG_WARN_UNREACHABLE_CODE = YES;
				CLANG_WARN__DUPLICATE_METHOD_MATCH = YES;
				COPY_PHASE_STRIP = NO;
				DEBUG_INFORMATION_FORMAT = "dwarf-with-dsym";
				ENABLE_NS_ASSERTIONS = NO;
				ENABLE_STRICT_OBJC_MSGSEND = YES;
				GCC_C_LANGUAGE_STANDARD = gnu11;
				GCC_NO_COMMON_BLOCKS = YES;
				GCC_WARN_64_TO_32_BIT_CONVERSION = YES;
				GCC_WARN_ABOUT_RETURN_TYPE = YES_ERROR;
				GCC_WARN_UNDECLARED_SELECTOR = YES;
				GCC_WARN_UNINITIALIZED_AUTOS = YES_AGGRESSIVE;
				GCC_WARN_UNUSED_FUNCTION = YES;
				GCC_WARN_UNUSED_VARIABLE = YES;
				IPHONEOS_DEPLOYMENT_TARGET = 15.4;
				MTL_ENABLE_DEBUG_INFO = NO;
				MTL_FAST_MATH = YES;
				SDKROOT = iphoneos;
				SWIFT_COMPILATION_MODE = wholemodule;
				SWIFT_OPTIMIZATION_LEVEL = "-O";
				VALIDATE_PRODUCT = YES;
			};
			name = Release;
		};
		0BE6C56B2811F35500A11FB9 /* Debug */ = {
			isa = XCBuildConfiguration;
			buildSettings = {
				ASSETCATALOG_COMPILER_APPICON_NAME = AppIcon;
				ASSETCATALOG_COMPILER_GLOBAL_ACCENT_COLOR_NAME = AccentColor;
				CODE_SIGN_STYLE = Automatic;
				CURRENT_PROJECT_VERSION = 1;
				DEVELOPMENT_TEAM = UFD4X4X7J6;
				GENERATE_INFOPLIST_FILE = YES;
				INFOPLIST_FILE = "Geo-Weather/Config/Info.plist";
				INFOPLIST_KEY_UIApplicationSupportsIndirectInputEvents = YES;
				INFOPLIST_KEY_UILaunchStoryboardName = LaunchScreen;
				INFOPLIST_KEY_UIMainStoryboardFile = Main;
				INFOPLIST_KEY_UISupportedInterfaceOrientations = UIInterfaceOrientationPortrait;
				INFOPLIST_KEY_UISupportedInterfaceOrientations_iPad = "UIInterfaceOrientationPortrait UIInterfaceOrientationPortraitUpsideDown UIInterfaceOrientationLandscapeLeft UIInterfaceOrientationLandscapeRight";
				INFOPLIST_KEY_UISupportedInterfaceOrientations_iPhone = "UIInterfaceOrientationPortrait UIInterfaceOrientationLandscapeLeft UIInterfaceOrientationLandscapeRight";
				LD_RUNPATH_SEARCH_PATHS = (
					"$(inherited)",
					"@executable_path/Frameworks",
				);
				MARKETING_VERSION = 1.0;
				PRODUCT_BUNDLE_IDENTIFIER = "com.dvt.Geo-Weather";
				PRODUCT_NAME = "$(TARGET_NAME)";
				SWIFT_EMIT_LOC_STRINGS = YES;
				SWIFT_VERSION = 5.0;
				TARGETED_DEVICE_FAMILY = "1,2";
			};
			name = Debug;
		};
		0BE6C56C2811F35500A11FB9 /* Release */ = {
			isa = XCBuildConfiguration;
			buildSettings = {
				ASSETCATALOG_COMPILER_APPICON_NAME = AppIcon;
				ASSETCATALOG_COMPILER_GLOBAL_ACCENT_COLOR_NAME = AccentColor;
				CODE_SIGN_STYLE = Automatic;
				CURRENT_PROJECT_VERSION = 1;
				DEVELOPMENT_TEAM = UFD4X4X7J6;
				GENERATE_INFOPLIST_FILE = YES;
				INFOPLIST_FILE = "Geo-Weather/Config/Info.plist";
				INFOPLIST_KEY_UIApplicationSupportsIndirectInputEvents = YES;
				INFOPLIST_KEY_UILaunchStoryboardName = LaunchScreen;
				INFOPLIST_KEY_UIMainStoryboardFile = Main;
				INFOPLIST_KEY_UISupportedInterfaceOrientations = UIInterfaceOrientationPortrait;
				INFOPLIST_KEY_UISupportedInterfaceOrientations_iPad = "UIInterfaceOrientationPortrait UIInterfaceOrientationPortraitUpsideDown UIInterfaceOrientationLandscapeLeft UIInterfaceOrientationLandscapeRight";
				INFOPLIST_KEY_UISupportedInterfaceOrientations_iPhone = "UIInterfaceOrientationPortrait UIInterfaceOrientationLandscapeLeft UIInterfaceOrientationLandscapeRight";
				LD_RUNPATH_SEARCH_PATHS = (
					"$(inherited)",
					"@executable_path/Frameworks",
				);
				MARKETING_VERSION = 1.0;
				PRODUCT_BUNDLE_IDENTIFIER = "com.dvt.Geo-Weather";
				PRODUCT_NAME = "$(TARGET_NAME)";
				SWIFT_EMIT_LOC_STRINGS = YES;
				SWIFT_VERSION = 5.0;
				TARGETED_DEVICE_FAMILY = "1,2";
			};
			name = Release;
		};
		0BE6C56E2811F35500A11FB9 /* Debug */ = {
			isa = XCBuildConfiguration;
			buildSettings = {
				ALWAYS_EMBED_SWIFT_STANDARD_LIBRARIES = YES;
				BUNDLE_LOADER = "$(TEST_HOST)";
				CODE_SIGN_STYLE = Automatic;
				CURRENT_PROJECT_VERSION = 1;
				DEVELOPMENT_TEAM = UFD4X4X7J6;
				GENERATE_INFOPLIST_FILE = YES;
				IPHONEOS_DEPLOYMENT_TARGET = 15.4;
				MARKETING_VERSION = 1.0;
				PRODUCT_BUNDLE_IDENTIFIER = "com.dvt.Geo-WeatherTests";
				PRODUCT_NAME = "$(TARGET_NAME)";
				SWIFT_EMIT_LOC_STRINGS = NO;
				SWIFT_VERSION = 5.0;
				TARGETED_DEVICE_FAMILY = "1,2";
				TEST_HOST = "$(BUILT_PRODUCTS_DIR)/Geo-Weather.app/Geo-Weather";
			};
			name = Debug;
		};
		0BE6C56F2811F35500A11FB9 /* Release */ = {
			isa = XCBuildConfiguration;
			buildSettings = {
				ALWAYS_EMBED_SWIFT_STANDARD_LIBRARIES = YES;
				BUNDLE_LOADER = "$(TEST_HOST)";
				CODE_SIGN_STYLE = Automatic;
				CURRENT_PROJECT_VERSION = 1;
				DEVELOPMENT_TEAM = UFD4X4X7J6;
				GENERATE_INFOPLIST_FILE = YES;
				IPHONEOS_DEPLOYMENT_TARGET = 15.4;
				MARKETING_VERSION = 1.0;
				PRODUCT_BUNDLE_IDENTIFIER = "com.dvt.Geo-WeatherTests";
				PRODUCT_NAME = "$(TARGET_NAME)";
				SWIFT_EMIT_LOC_STRINGS = NO;
				SWIFT_VERSION = 5.0;
				TARGETED_DEVICE_FAMILY = "1,2";
				TEST_HOST = "$(BUILT_PRODUCTS_DIR)/Geo-Weather.app/Geo-Weather";
			};
			name = Release;
		};
/* End XCBuildConfiguration section */

/* Begin XCConfigurationList section */
		0BE6C5382811F34F00A11FB9 /* Build configuration list for PBXProject "Geo-Weather" */ = {
			isa = XCConfigurationList;
			buildConfigurations = (
				0BE6C5682811F35500A11FB9 /* Debug */,
				0BE6C5692811F35500A11FB9 /* Release */,
			);
			defaultConfigurationIsVisible = 0;
			defaultConfigurationName = Release;
		};
		0BE6C56A2811F35500A11FB9 /* Build configuration list for PBXNativeTarget "Geo-Weather" */ = {
			isa = XCConfigurationList;
			buildConfigurations = (
				0BE6C56B2811F35500A11FB9 /* Debug */,
				0BE6C56C2811F35500A11FB9 /* Release */,
			);
			defaultConfigurationIsVisible = 0;
			defaultConfigurationName = Release;
		};
		0BE6C56D2811F35500A11FB9 /* Build configuration list for PBXNativeTarget "Geo-WeatherTests" */ = {
			isa = XCConfigurationList;
			buildConfigurations = (
				0BE6C56E2811F35500A11FB9 /* Debug */,
				0BE6C56F2811F35500A11FB9 /* Release */,
			);
			defaultConfigurationIsVisible = 0;
			defaultConfigurationName = Release;
		};
/* End XCConfigurationList section */

/* Begin XCVersionGroup section */
		0BE6C5492811F34F00A11FB9 /* Geo_Weather.xcdatamodeld */ = {
			isa = XCVersionGroup;
			children = (
				0BE6C54A2811F34F00A11FB9 /* Geo_Weather.xcdatamodel */,
			);
			currentVersion = 0BE6C54A2811F34F00A11FB9 /* Geo_Weather.xcdatamodel */;
			path = Geo_Weather.xcdatamodeld;
			sourceTree = "<group>";
			versionGroupType = wrapper.xcdatamodel;
		};
/* End XCVersionGroup section */
	};
	rootObject = 0BE6C5352811F34F00A11FB9 /* Project object */;
}
